
Microsoft Visual Studio Solution File, Format Version 12.00
# Visual Studio 15
VisualStudioVersion = 15.0.28010.2036
MinimumVisualStudioVersion = 10.0.40219.1
Project("{FAE04EC0-301F-11D3-BF4B-00C04F79EFBC}") = "MegaDesk-3-EddiePincay", "MegaDesk-3-EddiePincay\MegaDesk-3-EddiePincay.csproj", "{A141451B-9371-4DD8-84CA-A7D007AA0EE1}"
EndProject
Global
	GlobalSection(SolutionConfigurationPlatforms) = preSolution
		Debug|Any CPU = Debug|Any CPU
		Release|Any CPU = Release|Any CPU
	EndGlobalSection
	GlobalSection(ProjectConfigurationPlatforms) = postSolution
		{A141451B-9371-4DD8-84CA-A7D007AA0EE1}.Debug|Any CPU.ActiveCfg = Debug|Any CPU
		{A141451B-9371-4DD8-84CA-A7D007AA0EE1}.Debug|Any CPU.Build.0 = Debug|Any CPU
		{A141451B-9371-4DD8-84CA-A7D007AA0EE1}.Release|Any CPU.ActiveCfg = Release|Any CPU
		{A141451B-9371-4DD8-84CA-A7D007AA0EE1}.Release|Any CPU.Build.0 = Release|Any CPU
	EndGlobalSection
	GlobalSection(SolutionProperties) = preSolution
		HideSolutionNode = FALSE
	EndGlobalSection
	GlobalSection(ExtensibilityGlobals) = postSolution
		SolutionGuid = {56DBC346-6A8C-4054-9D1D-BBD97B0FC721}
	EndGlobalSection
EndGlobal
